
Microsoft Visual Studio Solution File, Format Version 12.00
# Visual Studio Version 16
VisualStudioVersion = 16.0.29926.136
MinimumVisualStudioVersion = 10.0.40219.1
Project("{F2A71F9B-5D33-465A-A702-920D77279786}") = "00_WordSearchKata.Specification", "WordSearchKata\00_WordSearchKata.Specification.fsproj", "{0803366E-5BA8-4017-AF49-93E43885C859}"
EndProject
Project("{F2A71F9B-5D33-465A-A702-920D77279786}") = "01_WordSearchKata.Interpreter", "WordSearchKata.Interpreter\01_WordSearchKata.Interpreter.fsproj", "{F392F2CA-9A15-49BA-881D-AD4A5840776B}"
EndProject
Project("{F2A71F9B-5D33-465A-A702-920D77279786}") = "Tests", "Tests\Tests.fsproj", "{A176AF6E-1DEA-45C0-80B4-24826C26431D}"
EndProject
Global
	GlobalSection(SolutionConfigurationPlatforms) = preSolution
		Debug|Any CPU = Debug|Any CPU
		Release|Any CPU = Release|Any CPU
	EndGlobalSection
	GlobalSection(ProjectConfigurationPlatforms) = postSolution
		{0803366E-5BA8-4017-AF49-93E43885C859}.Debug|Any CPU.ActiveCfg = Debug|Any CPU
		{0803366E-5BA8-4017-AF49-93E43885C859}.Debug|Any CPU.Build.0 = Debug|Any CPU
		{0803366E-5BA8-4017-AF49-93E43885C859}.Release|Any CPU.ActiveCfg = Release|Any CPU
		{0803366E-5BA8-4017-AF49-93E43885C859}.Release|Any CPU.Build.0 = Release|Any CPU
		{F392F2CA-9A15-49BA-881D-AD4A5840776B}.Debug|Any CPU.ActiveCfg = Debug|Any CPU
		{F392F2CA-9A15-49BA-881D-AD4A5840776B}.Debug|Any CPU.Build.0 = Debug|Any CPU
		{F392F2CA-9A15-49BA-881D-AD4A5840776B}.Release|Any CPU.ActiveCfg = Release|Any CPU
		{F392F2CA-9A15-49BA-881D-AD4A5840776B}.Release|Any CPU.Build.0 = Release|Any CPU
		{A176AF6E-1DEA-45C0-80B4-24826C26431D}.Debug|Any CPU.ActiveCfg = Debug|Any CPU
		{A176AF6E-1DEA-45C0-80B4-24826C26431D}.Debug|Any CPU.Build.0 = Debug|Any CPU
		{A176AF6E-1DEA-45C0-80B4-24826C26431D}.Release|Any CPU.ActiveCfg = Release|Any CPU
		{A176AF6E-1DEA-45C0-80B4-24826C26431D}.Release|Any CPU.Build.0 = Release|Any CPU
	EndGlobalSection
	GlobalSection(SolutionProperties) = preSolution
		HideSolutionNode = FALSE
	EndGlobalSection
	GlobalSection(ExtensibilityGlobals) = postSolution
		SolutionGuid = {18A0752C-1909-4DE5-ADE5-8A18DF1D5ED6}
	EndGlobalSection
EndGlobal
